// !$*UTF8*$!
{
	archiveVersion = 1;
	classes = {
	};
	objectVersion = 56;
	objects = {

/* Begin PBXBuildFile section */
		C7A95FD42BBE679F0046C0AE /* AppDelegate.swift in Sources */ = {isa = PBXBuildFile; fileRef = C7A95FD32BBE679F0046C0AE /* AppDelegate.swift */; };
		C7A95FD62BBE679F0046C0AE /* SceneDelegate.swift in Sources */ = {isa = PBXBuildFile; fileRef = C7A95FD52BBE679F0046C0AE /* SceneDelegate.swift */; };
		C7A95FD82BBE679F0046C0AE /* ViewController.swift in Sources */ = {isa = PBXBuildFile; fileRef = C7A95FD72BBE679F0046C0AE /* ViewController.swift */; };
		C7A95FDB2BBE679F0046C0AE /* Main.storyboard in Resources */ = {isa = PBXBuildFile; fileRef = C7A95FD92BBE679F0046C0AE /* Main.storyboard */; };
		C7A95FDD2BBE67A00046C0AE /* Assets.xcassets in Resources */ = {isa = PBXBuildFile; fileRef = C7A95FDC2BBE67A00046C0AE /* Assets.xcassets */; };
		C7A95FE02BBE67A00046C0AE /* LaunchScreen.storyboard in Resources */ = {isa = PBXBuildFile; fileRef = C7A95FDE2BBE67A00046C0AE /* LaunchScreen.storyboard */; };
		C7A95FEB2BBE67A00046C0AE /* animation1Tests.swift in Sources */ = {isa = PBXBuildFile; fileRef = C7A95FEA2BBE67A00046C0AE /* animation1Tests.swift */; };
		C7A95FF52BBE67A00046C0AE /* animation1UITests.swift in Sources */ = {isa = PBXBuildFile; fileRef = C7A95FF42BBE67A00046C0AE /* animation1UITests.swift */; };
		C7A95FF72BBE67A00046C0AE /* animation1UITestsLaunchTests.swift in Sources */ = {isa = PBXBuildFile; fileRef = C7A95FF62BBE67A00046C0AE /* animation1UITestsLaunchTests.swift */; };
		C7AFCAB72BD2804900482E39 /* FbViewController.swift in Sources */ = {isa = PBXBuildFile; fileRef = C7AFCAB62BD2804900482E39 /* FbViewController.swift */; };
/* End PBXBuildFile section */

/* Begin PBXContainerItemProxy section */
		C7A95FE72BBE67A00046C0AE /* PBXContainerItemProxy */ = {
			isa = PBXContainerItemProxy;
			containerPortal = C7A95FC82BBE679F0046C0AE /* Project object */;
			proxyType = 1;
			remoteGlobalIDString = C7A95FCF2BBE679F0046C0AE;
			remoteInfo = animation1;
		};
		C7A95FF12BBE67A00046C0AE /* PBXContainerItemProxy */ = {
			isa = PBXContainerItemProxy;
			containerPortal = C7A95FC82BBE679F0046C0AE /* Project object */;
			proxyType = 1;
			remoteGlobalIDString = C7A95FCF2BBE679F0046C0AE;
			remoteInfo = animation1;
		};
/* End PBXContainerItemProxy section */

/* Begin PBXFileReference section */
		C7A95FD02BBE679F0046C0AE /* animation1.app */ = {isa = PBXFileReference; explicitFileType = wrapper.application; includeInIndex = 0; path = animation1.app; sourceTree = BUILT_PRODUCTS_DIR; };
		C7A95FD32BBE679F0046C0AE /* AppDelegate.swift */ = {isa = PBXFileReference; lastKnownFileType = sourcecode.swift; path = AppDelegate.swift; sourceTree = "<group>"; };
		C7A95FD52BBE679F0046C0AE /* SceneDelegate.swift */ = {isa = PBXFileReference; lastKnownFileType = sourcecode.swift; path = SceneDelegate.swift; sourceTree = "<group>"; };
		C7A95FD72BBE679F0046C0AE /* ViewController.swift */ = {isa = PBXFileReference; lastKnownFileType = sourcecode.swift; path = ViewController.swift; sourceTree = "<group>"; };
		C7A95FDA2BBE679F0046C0AE /* Base */ = {isa = PBXFileReference; lastKnownFileType = file.storyboard; name = Base; path = Base.lproj/Main.storyboard; sourceTree = "<group>"; };
		C7A95FDC2BBE67A00046C0AE /* Assets.xcassets */ = {isa = PBXFileReference; lastKnownFileType = folder.assetcatalog; path = Assets.xcassets; sourceTree = "<group>"; };
		C7A95FDF2BBE67A00046C0AE /* Base */ = {isa = PBXFileReference; lastKnownFileType = file.storyboard; name = Base; path = Base.lproj/LaunchScreen.storyboard; sourceTree = "<group>"; };
		C7A95FE12BBE67A00046C0AE /* Info.plist */ = {isa = PBXFileReference; lastKnownFileType = text.plist.xml; path = Info.plist; sourceTree = "<group>"; };
		C7A95FE62BBE67A00046C0AE /* animation1Tests.xctest */ = {isa = PBXFileReference; explicitFileType = wrapper.cfbundle; includeInIndex = 0; path = animation1Tests.xctest; sourceTree = BUILT_PRODUCTS_DIR; };
		C7A95FEA2BBE67A00046C0AE /* animation1Tests.swift */ = {isa = PBXFileReference; lastKnownFileType = sourcecode.swift; path = animation1Tests.swift; sourceTree = "<group>"; };
		C7A95FF02BBE67A00046C0AE /* animation1UITests.xctest */ = {isa = PBXFileReference; explicitFileType = wrapper.cfbundle; includeInIndex = 0; path = animation1UITests.xctest; sourceTree = BUILT_PRODUCTS_DIR; };
		C7A95FF42BBE67A00046C0AE /* animation1UITests.swift */ = {isa = PBXFileReference; lastKnownFileType = sourcecode.swift; path = animation1UITests.swift; sourceTree = "<group>"; };
		C7A95FF62BBE67A00046C0AE /* animation1UITestsLaunchTests.swift */ = {isa = PBXFileReference; lastKnownFileType = sourcecode.swift; path = animation1UITestsLaunchTests.swift; sourceTree = "<group>"; };
		C7AFCAB62BD2804900482E39 /* FbViewController.swift */ = {isa = PBXFileReference; lastKnownFileType = sourcecode.swift; path = FbViewController.swift; sourceTree = "<group>"; };
/* End PBXFileReference section */

/* Begin PBXFrameworksBuildPhase section */
		C7A95FCD2BBE679F0046C0AE /* Frameworks */ = {
			isa = PBXFrameworksBuildPhase;
			buildActionMask = 2147483647;
			files = (
			);
			runOnlyForDeploymentPostprocessing = 0;
		};
		C7A95FE32BBE67A00046C0AE /* Frameworks */ = {
			isa = PBXFrameworksBuildPhase;
			buildActionMask = 2147483647;
			files = (
			);
			runOnlyForDeploymentPostprocessing = 0;
		};
		C7A95FED2BBE67A00046C0AE /* Frameworks */ = {
			isa = PBXFrameworksBuildPhase;
			buildActionMask = 2147483647;
			files = (
			);
			runOnlyForDeploymentPostprocessing = 0;
		};
/* End PBXFrameworksBuildPhase section */

/* Begin PBXGroup section */
		C7A95FC72BBE679F0046C0AE = {
			isa = PBXGroup;
			children = (
				C7A95FD22BBE679F0046C0AE /* animation1 */,
				C7A95FE92BBE67A00046C0AE /* animation1Tests */,
				C7A95FF32BBE67A00046C0AE /* animation1UITests */,
				C7A95FD12BBE679F0046C0AE /* Products */,
			);
			sourceTree = "<group>";
		};
		C7A95FD12BBE679F0046C0AE /* Products */ = {
			isa = PBXGroup;
			children = (
				C7A95FD02BBE679F0046C0AE /* animation1.app */,
				C7A95FE62BBE67A00046C0AE /* animation1Tests.xctest */,
				C7A95FF02BBE67A00046C0AE /* animation1UITests.xctest */,
			);
			name = Products;
			sourceTree = "<group>";
		};
		C7A95FD22BBE679F0046C0AE /* animation1 */ = {
			isa = PBXGroup;
			children = (
				C7A95FD32BBE679F0046C0AE /* AppDelegate.swift */,
				C7A95FD52BBE679F0046C0AE /* SceneDelegate.swift */,
				C7A95FD72BBE679F0046C0AE /* ViewController.swift */,
				C7A95FD92BBE679F0046C0AE /* Main.storyboard */,
				C7AFCAB62BD2804900482E39 /* FbViewController.swift */,
				C7A95FDC2BBE67A00046C0AE /* Assets.xcassets */,
				C7A95FDE2BBE67A00046C0AE /* LaunchScreen.storyboard */,
				C7A95FE12BBE67A00046C0AE /* Info.plist */,
			);
			path = animation1;
			sourceTree = "<group>";
		};
		C7A95FE92BBE67A00046C0AE /* animation1Tests */ = {
			isa = PBXGroup;
			children = (
				C7A95FEA2BBE67A00046C0AE /* animation1Tests.swift */,
			);
			path = animation1Tests;
			sourceTree = "<group>";
		};
		C7A95FF32BBE67A00046C0AE /* animation1UITests */ = {
			isa = PBXGroup;
			children = (
				C7A95FF42BBE67A00046C0AE /* animation1UITests.swift */,
				C7A95FF62BBE67A00046C0AE /* animation1UITestsLaunchTests.swift */,
			);
			path = animation1UITests;
			sourceTree = "<group>";
		};
/* End PBXGroup section */

/* Begin PBXNativeTarget section */
		C7A95FCF2BBE679F0046C0AE /* animation1 */ = {
			isa = PBXNativeTarget;
			buildConfigurationList = C7A95FFA2BBE67A00046C0AE /* Build configuration list for PBXNativeTarget "animation1" */;
			buildPhases = (
				C7A95FCC2BBE679F0046C0AE /* Sources */,
				C7A95FCD2BBE679F0046C0AE /* Frameworks */,
				C7A95FCE2BBE679F0046C0AE /* Resources */,
			);
			buildRules = (
			);
			dependencies = (
			);
			name = animation1;
			productName = animation1;
			productReference = C7A95FD02BBE679F0046C0AE /* animation1.app */;
			productType = "com.apple.product-type.application";
		};
		C7A95FE52BBE67A00046C0AE /* animation1Tests */ = {
			isa = PBXNativeTarget;
			buildConfigurationList = C7A95FFD2BBE67A00046C0AE /* Build configuration list for PBXNativeTarget "animation1Tests" */;
			buildPhases = (
				C7A95FE22BBE67A00046C0AE /* Sources */,
				C7A95FE32BBE67A00046C0AE /* Frameworks */,
				C7A95FE42BBE67A00046C0AE /* Resources */,
			);
			buildRules = (
			);
			dependencies = (
				C7A95FE82BBE67A00046C0AE /* PBXTargetDependency */,
			);
			name = animation1Tests;
			productName = animation1Tests;
			productReference = C7A95FE62BBE67A00046C0AE /* animation1Tests.xctest */;
			productType = "com.apple.product-type.bundle.unit-test";
		};
		C7A95FEF2BBE67A00046C0AE /* animation1UITests */ = {
			isa = PBXNativeTarget;
			buildConfigurationList = C7A960002BBE67A00046C0AE /* Build configuration list for PBXNativeTarget "animation1UITests" */;
			buildPhases = (
				C7A95FEC2BBE67A00046C0AE /* Sources */,
				C7A95FED2BBE67A00046C0AE /* Frameworks */,
				C7A95FEE2BBE67A00046C0AE /* Resources */,
			);
			buildRules = (
			);
			dependencies = (
				C7A95FF22BBE67A00046C0AE /* PBXTargetDependency */,
			);
			name = animation1UITests;
			productName = animation1UITests;
			productReference = C7A95FF02BBE67A00046C0AE /* animation1UITests.xctest */;
			productType = "com.apple.product-type.bundle.ui-testing";
		};
/* End PBXNativeTarget section */

/* Begin PBXProject section */
		C7A95FC82BBE679F0046C0AE /* Project object */ = {
			isa = PBXProject;
			attributes = {
				BuildIndependentTargetsInParallel = 1;
				LastSwiftUpdateCheck = 1520;
				LastUpgradeCheck = 1520;
				TargetAttributes = {
					C7A95FCF2BBE679F0046C0AE = {
						CreatedOnToolsVersion = 15.2;
					};
					C7A95FE52BBE67A00046C0AE = {
						CreatedOnToolsVersion = 15.2;
						TestTargetID = C7A95FCF2BBE679F0046C0AE;
					};
					C7A95FEF2BBE67A00046C0AE = {
						CreatedOnToolsVersion = 15.2;
						TestTargetID = C7A95FCF2BBE679F0046C0AE;
					};
				};
			};
			buildConfigurationList = C7A95FCB2BBE679F0046C0AE /* Build configuration list for PBXProject "animation1" */;
			compatibilityVersion = "Xcode 14.0";
			developmentRegion = en;
			hasScannedForEncodings = 0;
			knownRegions = (
				en,
				Base,
			);
			mainGroup = C7A95FC72BBE679F0046C0AE;
			productRefGroup = C7A95FD12BBE679F0046C0AE /* Products */;
			projectDirPath = "";
			projectRoot = "";
			targets = (
				C7A95FCF2BBE679F0046C0AE /* animation1 */,
				C7A95FE52BBE67A00046C0AE /* animation1Tests */,
				C7A95FEF2BBE67A00046C0AE /* animation1UITests */,
			);
		};
/* End PBXProject section */

/* Begin PBXResourcesBuildPhase section */
		C7A95FCE2BBE679F0046C0AE /* Resources */ = {
			isa = PBXResourcesBuildPhase;
			buildActionMask = 2147483647;
			files = (
				C7A95FE02BBE67A00046C0AE /* LaunchScreen.storyboard in Resources */,
				C7A95FDD2BBE67A00046C0AE /* Assets.xcassets in Resources */,
				C7A95FDB2BBE679F0046C0AE /* Main.storyboard in Resources */,
			);
			runOnlyForDeploymentPostprocessing = 0;
		};
		C7A95FE42BBE67A00046C0AE /* Resources */ = {
			isa = PBXResourcesBuildPhase;
			buildActionMask = 2147483647;
			files = (
			);
			runOnlyForDeploymentPostprocessing = 0;
		};
		C7A95FEE2BBE67A00046C0AE /* Resources */ = {
			isa = PBXResourcesBuildPhase;
			buildActionMask = 2147483647;
			files = (
			);
			runOnlyForDeploymentPostprocessing = 0;
		};
/* End PBXResourcesBuildPhase section */

/* Begin PBXSourcesBuildPhase section */
		C7A95FCC2BBE679F0046C0AE /* Sources */ = {
			isa = PBXSourcesBuildPhase;
			buildActionMask = 2147483647;
			files = (
				C7AFCAB72BD2804900482E39 /* FbViewController.swift in Sources */,
				C7A95FD82BBE679F0046C0AE /* ViewController.swift in Sources */,
				C7A95FD42BBE679F0046C0AE /* AppDelegate.swift in Sources */,
				C7A95FD62BBE679F0046C0AE /* SceneDelegate.swift in Sources */,
			);
			runOnlyForDeploymentPostprocessing = 0;
		};
		C7A95FE22BBE67A00046C0AE /* Sources */ = {
			isa = PBXSourcesBuildPhase;
			buildActionMask = 2147483647;
			files = (
				C7A95FEB2BBE67A00046C0AE /* animation1Tests.swift in Sources */,
			);
			runOnlyForDeploymentPostprocessing = 0;
		};
		C7A95FEC2BBE67A00046C0AE /* Sources */ = {
			isa = PBXSourcesBuildPhase;
			buildActionMask = 2147483647;
			files = (
				C7A95FF52BBE67A00046C0AE /* animation1UITests.swift in Sources */,
				C7A95FF72BBE67A00046C0AE /* animation1UITestsLaunchTests.swift in Sources */,
			);
			runOnlyForDeploymentPostprocessing = 0;
		};
/* End PBXSourcesBuildPhase section */

/* Begin PBXTargetDependency section */
		C7A95FE82BBE67A00046C0AE /* PBXTargetDependency */ = {
			isa = PBXTargetDependency;
			target = C7A95FCF2BBE679F0046C0AE /* animation1 */;
			targetProxy = C7A95FE72BBE67A00046C0AE /* PBXContainerItemProxy */;
		};
		C7A95FF22BBE67A00046C0AE /* PBXTargetDependency */ = {
			isa = PBXTargetDependency;
			target = C7A95FCF2BBE679F0046C0AE /* animation1 */;
			targetProxy = C7A95FF12BBE67A00046C0AE /* PBXContainerItemProxy */;
		};
/* End PBXTargetDependency section */

/* Begin PBXVariantGroup section */
		C7A95FD92BBE679F0046C0AE /* Main.storyboard */ = {
			isa = PBXVariantGroup;
			children = (
				C7A95FDA2BBE679F0046C0AE /* Base */,
			);
			name = Main.storyboard;
			sourceTree = "<group>";
		};
		C7A95FDE2BBE67A00046C0AE /* LaunchScreen.storyboard */ = {
			isa = PBXVariantGroup;
			children = (
				C7A95FDF2BBE67A00046C0AE /* Base */,
			);
			name = LaunchScreen.storyboard;
			sourceTree = "<group>";
		};
/* End PBXVariantGroup section */

/* Begin XCBuildConfiguration section */
		C7A95FF82BBE67A00046C0AE /* Debug */ = {
			isa = XCBuildConfiguration;
			buildSettings = {
				ALWAYS_SEARCH_USER_PATHS = NO;
				ASSETCATALOG_COMPILER_GENERATE_SWIFT_ASSET_SYMBOL_EXTENSIONS = YES;
				CLANG_ANALYZER_NONNULL = YES;
				CLANG_ANALYZER_NUMBER_OBJECT_CONVERSION = YES_AGGRESSIVE;
				CLANG_CXX_LANGUAGE_STANDARD = "gnu++20";
				CLANG_ENABLE_MODULES = YES;
				CLANG_ENABLE_OBJC_ARC = YES;
				CLANG_ENABLE_OBJC_WEAK = YES;
				CLANG_WARN_BLOCK_CAPTURE_AUTORELEASING = YES;
				CLANG_WARN_BOOL_CONVERSION = YES;
				CLANG_WARN_COMMA = YES;
				CLANG_WARN_CONSTANT_CONVERSION = YES;
				CLANG_WARN_DEPRECATED_OBJC_IMPLEMENTATIONS = YES;
				CLANG_WARN_DIRECT_OBJC_ISA_USAGE = YES_ERROR;
				CLANG_WARN_DOCUMENTATION_COMMENTS = YES;
				CLANG_WARN_EMPTY_BODY = YES;
				CLANG_WARN_ENUM_CONVERSION = YES;
				CLANG_WARN_INFINITE_RECURSION = YES;
				CLANG_WARN_INT_CONVERSION = YES;
				CLANG_WARN_NON_LITERAL_NULL_CONVERSION = YES;
				CLANG_WARN_OBJC_IMPLICIT_RETAIN_SELF = YES;
				CLANG_WARN_OBJC_LITERAL_CONVERSION = YES;
				CLANG_WARN_OBJC_ROOT_CLASS = YES_ERROR;
				CLANG_WARN_QUOTED_INCLUDE_IN_FRAMEWORK_HEADER = YES;
				CLANG_WARN_RANGE_LOOP_ANALYSIS = YES;
				CLANG_WARN_STRICT_PROTOTYPES = YES;
				CLANG_WARN_SUSPICIOUS_MOVE = YES;
				CLANG_WARN_UNGUARDED_AVAILABILITY = YES_AGGRESSIVE;
				CLANG_WARN_UNREACHABLE_CODE = YES;
				CLANG_WARN__DUPLICATE_METHOD_MATCH = YES;
				COPY_PHASE_STRIP = NO;
				DEBUG_INFORMATION_FORMAT = dwarf;
				ENABLE_STRICT_OBJC_MSGSEND = YES;
				ENABLE_TESTABILITY = YES;
				ENABLE_USER_SCRIPT_SANDBOXING = YES;
				GCC_C_LANGUAGE_STANDARD = gnu17;
				GCC_DYNAMIC_NO_PIC = NO;
				GCC_NO_COMMON_BLOCKS = YES;
				GCC_OPTIMIZATION_LEVEL = 0;
				GCC_PREPROCESSOR_DEFINITIONS = (
					"DEBUG=1",
					"$(inherited)",
				);
				GCC_WARN_64_TO_32_BIT_CONVERSION = YES;
				GCC_WARN_ABOUT_RETURN_TYPE = YES_ERROR;
				GCC_WARN_UNDECLARED_SELECTOR = YES;
				GCC_WARN_UNINITIALIZED_AUTOS = YES_AGGRESSIVE;
				GCC_WARN_UNUSED_FUNCTION = YES;
				GCC_WARN_UNUSED_VARIABLE = YES;
				IPHONEOS_DEPLOYMENT_TARGET = 17.2;
				LOCALIZATION_PREFERS_STRING_CATALOGS = YES;
				MTL_ENABLE_DEBUG_INFO = INCLUDE_SOURCE;
				MTL_FAST_MATH = YES;
				ONLY_ACTIVE_ARCH = YES;
				SDKROOT = iphoneos;
				SWIFT_ACTIVE_COMPILATION_CONDITIONS = "DEBUG $(inherited)";
				SWIFT_OPTIMIZATION_LEVEL = "-Onone";
			};
			name = Debug;
		};
		C7A95FF92BBE67A00046C0AE /* Release */ = {
			isa = XCBuildConfiguration;
			buildSettings = {
				ALWAYS_SEARCH_USER_PATHS = NO;
				ASSETCATALOG_COMPILER_GENERATE_SWIFT_ASSET_SYMBOL_EXTENSIONS = YES;
				CLANG_ANALYZER_NONNULL = YES;
				CLANG_ANALYZER_NUMBER_OBJECT_CONVERSION = YES_AGGRESSIVE;
				CLANG_CXX_LANGUAGE_STANDARD = "gnu++20";
				CLANG_ENABLE_MODULES = YES;
				CLANG_ENABLE_OBJC_ARC = YES;
				CLANG_ENABLE_OBJC_WEAK = YES;
				CLANG_WARN_BLOCK_CAPTURE_AUTORELEASING = YES;
				CLANG_WARN_BOOL_CONVERSION = YES;
				CLANG_WARN_COMMA = YES;
				CLANG_WARN_CONSTANT_CONVERSION = YES;
				CLANG_WARN_DEPRECATED_OBJC_IMPLEMENTATIONS = YES;
				CLANG_WARN_DIRECT_OBJC_ISA_USAGE = YES_ERROR;
				CLANG_WARN_DOCUMENTATION_COMMENTS = YES;
				CLANG_WARN_EMPTY_BODY = YES;
				CLANG_WARN_ENUM_CONVERSION = YES;
				CLANG_WARN_INFINITE_RECURSION = YES;
				CLANG_WARN_INT_CONVERSION = YES;
				CLANG_WARN_NON_LITERAL_NULL_CONVERSION = YES;
				CLANG_WARN_OBJC_IMPLICIT_RETAIN_SELF = YES;
				CLANG_WARN_OBJC_LITERAL_CONVERSION = YES;
				CLANG_WARN_OBJC_ROOT_CLASS = YES_ERROR;
				CLANG_WARN_QUOTED_INCLUDE_IN_FRAMEWORK_HEADER = YES;
				CLANG_WARN_RANGE_LOOP_ANALYSIS = YES;
				CLANG_WARN_STRICT_PROTOTYPES = YES;
				CLANG_WARN_SUSPICIOUS_MOVE = YES;
				CLANG_WARN_UNGUARDED_AVAILABILITY = YES_AGGRESSIVE;
				CLANG_WARN_UNREACHABLE_CODE = YES;
				CLANG_WARN__DUPLICATE_METHOD_MATCH = YES;
				COPY_PHASE_STRIP = NO;
				DEBUG_INFORMATION_FORMAT = "dwarf-with-dsym";
				ENABLE_NS_ASSERTIONS = NO;
				ENABLE_STRICT_OBJC_MSGSEND = YES;
				ENABLE_USER_SCRIPT_SANDBOXING = YES;
				GCC_C_LANGUAGE_STANDARD = gnu17;
				GCC_NO_COMMON_BLOCKS = YES;
				GCC_WARN_64_TO_32_BIT_CONVERSION = YES;
				GCC_WARN_ABOUT_RETURN_TYPE = YES_ERROR;
				GCC_WARN_UNDECLARED_SELECTOR = YES;
				GCC_WARN_UNINITIALIZED_AUTOS = YES_AGGRESSIVE;
				GCC_WARN_UNUSED_FUNCTION = YES;
				GCC_WARN_UNUSED_VARIABLE = YES;
				IPHONEOS_DEPLOYMENT_TARGET = 17.2;
				LOCALIZATION_PREFERS_STRING_CATALOGS = YES;
				MTL_ENABLE_DEBUG_INFO = NO;
				MTL_FAST_MATH = YES;
				SDKROOT = iphoneos;
				SWIFT_COMPILATION_MODE = wholemodule;
				VALIDATE_PRODUCT = YES;
			};
			name = Release;
		};
		C7A95FFB2BBE67A00046C0AE /* Debug */ = {
			isa = XCBuildConfiguration;
			buildSettings = {
				ASSETCATALOG_COMPILER_APPICON_NAME = AppIcon;
				ASSETCATALOG_COMPILER_GLOBAL_ACCENT_COLOR_NAME = AccentColor;
				CODE_SIGN_STYLE = Automatic;
				CURRENT_PROJECT_VERSION = 1;
				GENERATE_INFOPLIST_FILE = YES;
				INFOPLIST_FILE = animation1/Info.plist;
				INFOPLIST_KEY_UIApplicationSupportsIndirectInputEvents = YES;
				INFOPLIST_KEY_UILaunchStoryboardName = LaunchScreen;
				INFOPLIST_KEY_UIMainStoryboardFile = Main;
				INFOPLIST_KEY_UISupportedInterfaceOrientations_iPad = "UIInterfaceOrientationPortrait UIInterfaceOrientationPortraitUpsideDown UIInterfaceOrientationLandscapeLeft UIInterfaceOrientationLandscapeRight";
				INFOPLIST_KEY_UISupportedInterfaceOrientations_iPhone = "UIInterfaceOrientationPortrait UIInterfaceOrientationLandscapeLeft UIInterfaceOrientationLandscapeRight";
				LD_RUNPATH_SEARCH_PATHS = (
					"$(inherited)",
					"@executable_path/Frameworks",
				);
				MARKETING_VERSION = 1.0;
				PRODUCT_BUNDLE_IDENTIFIER = com.example.animation1;
				PRODUCT_NAME = "$(TARGET_NAME)";
				SWIFT_EMIT_LOC_STRINGS = YES;
				SWIFT_VERSION = 5.0;
				TARGETED_DEVICE_FAMILY = "1,2";
			};
			name = Debug;
		};
		C7A95FFC2BBE67A00046C0AE /* Release */ = {
			isa = XCBuildConfiguration;
			buildSettings = {
				ASSETCATALOG_COMPILER_APPICON_NAME = AppIcon;
				ASSETCATALOG_COMPILER_GLOBAL_ACCENT_COLOR_NAME = AccentColor;
				CODE_SIGN_STYLE = Automatic;
				CURRENT_PROJECT_VERSION = 1;
				GENERATE_INFOPLIST_FILE = YES;
				INFOPLIST_FILE = animation1/Info.plist;
				INFOPLIST_KEY_UIApplicationSupportsIndirectInputEvents = YES;
				INFOPLIST_KEY_UILaunchStoryboardName = LaunchScreen;
				INFOPLIST_KEY_UIMainStoryboardFile = Main;
				INFOPLIST_KEY_UISupportedInterfaceOrientations_iPad = "UIInterfaceOrientationPortrait UIInterfaceOrientationPortraitUpsideDown UIInterfaceOrientationLandscapeLeft UIInterfaceOrientationLandscapeRight";
				INFOPLIST_KEY_UISupportedInterfaceOrientations_iPhone = "UIInterfaceOrientationPortrait UIInterfaceOrientationLandscapeLeft UIInterfaceOrientationLandscapeRight";
				LD_RUNPATH_SEARCH_PATHS = (
					"$(inherited)",
					"@executable_path/Frameworks",
				);
				MARKETING_VERSION = 1.0;
				PRODUCT_BUNDLE_IDENTIFIER = com.example.animation1;
				PRODUCT_NAME = "$(TARGET_NAME)";
				SWIFT_EMIT_LOC_STRINGS = YES;
				SWIFT_VERSION = 5.0;
				TARGETED_DEVICE_FAMILY = "1,2";
			};
			name = Release;
		};
		C7A95FFE2BBE67A00046C0AE /* Debug */ = {
			isa = XCBuildConfiguration;
			buildSettings = {
				ALWAYS_EMBED_SWIFT_STANDARD_LIBRARIES = YES;
				BUNDLE_LOADER = "$(TEST_HOST)";
				CODE_SIGN_STYLE = Automatic;
				CURRENT_PROJECT_VERSION = 1;
				GENERATE_INFOPLIST_FILE = YES;
				IPHONEOS_DEPLOYMENT_TARGET = 17.2;
				MARKETING_VERSION = 1.0;
				PRODUCT_BUNDLE_IDENTIFIER = com.example.animation1Tests;
				PRODUCT_NAME = "$(TARGET_NAME)";
				SWIFT_EMIT_LOC_STRINGS = NO;
				SWIFT_VERSION = 5.0;
				TARGETED_DEVICE_FAMILY = "1,2";
				TEST_HOST = "$(BUILT_PRODUCTS_DIR)/animation1.app/$(BUNDLE_EXECUTABLE_FOLDER_PATH)/animation1";
			};
			name = Debug;
		};
		C7A95FFF2BBE67A00046C0AE /* Release */ = {
			isa = XCBuildConfiguration;
			buildSettings = {
				ALWAYS_EMBED_SWIFT_STANDARD_LIBRARIES = YES;
				BUNDLE_LOADER = "$(TEST_HOST)";
				CODE_SIGN_STYLE = Automatic;
				CURRENT_PROJECT_VERSION = 1;
				GENERATE_INFOPLIST_FILE = YES;
				IPHONEOS_DEPLOYMENT_TARGET = 17.2;
				MARKETING_VERSION = 1.0;
				PRODUCT_BUNDLE_IDENTIFIER = com.example.animation1Tests;
				PRODUCT_NAME = "$(TARGET_NAME)";
				SWIFT_EMIT_LOC_STRINGS = NO;
				SWIFT_VERSION = 5.0;
				TARGETED_DEVICE_FAMILY = "1,2";
				TEST_HOST = "$(BUILT_PRODUCTS_DIR)/animation1.app/$(BUNDLE_EXECUTABLE_FOLDER_PATH)/animation1";
			};
			name = Release;
		};
		C7A960012BBE67A00046C0AE /* Debug */ = {
			isa = XCBuildConfiguration;
			buildSettings = {
				ALWAYS_EMBED_SWIFT_STANDARD_LIBRARIES = YES;
				CODE_SIGN_STYLE = Automatic;
				CURRENT_PROJECT_VERSION = 1;
				GENERATE_INFOPLIST_FILE = YES;
				MARKETING_VERSION = 1.0;
				PRODUCT_BUNDLE_IDENTIFIER = com.example.animation1UITests;
				PRODUCT_NAME = "$(TARGET_NAME)";
				SWIFT_EMIT_LOC_STRINGS = NO;
				SWIFT_VERSION = 5.0;
				TARGETED_DEVICE_FAMILY = "1,2";
				TEST_TARGET_NAME = animation1;
			};
			name = Debug;
		};
		C7A960022BBE67A00046C0AE /* Release */ = {
			isa = XCBuildConfiguration;
			buildSettings = {
				ALWAYS_EMBED_SWIFT_STANDARD_LIBRARIES = YES;
				CODE_SIGN_STYLE = Automatic;
				CURRENT_PROJECT_VERSION = 1;
				GENERATE_INFOPLIST_FILE = YES;
				MARKETING_VERSION = 1.0;
				PRODUCT_BUNDLE_IDENTIFIER = com.example.animation1UITests;
				PRODUCT_NAME = "$(TARGET_NAME)";
				SWIFT_EMIT_LOC_STRINGS = NO;
				SWIFT_VERSION = 5.0;
				TARGETED_DEVICE_FAMILY = "1,2";
				TEST_TARGET_NAME = animation1;
			};
			name = Release;
		};
/* End XCBuildConfiguration section */

/* Begin XCConfigurationList section */
		C7A95FCB2BBE679F0046C0AE /* Build configuration list for PBXProject "animation1" */ = {
			isa = XCConfigurationList;
			buildConfigurations = (
				C7A95FF82BBE67A00046C0AE /* Debug */,
				C7A95FF92BBE67A00046C0AE /* Release */,
			);
			defaultConfigurationIsVisible = 0;
			defaultConfigurationName = Release;
		};
		C7A95FFA2BBE67A00046C0AE /* Build configuration list for PBXNativeTarget "animation1" */ = {
			isa = XCConfigurationList;
			buildConfigurations = (
				C7A95FFB2BBE67A00046C0AE /* Debug */,
				C7A95FFC2BBE67A00046C0AE /* Release */,
			);
			defaultConfigurationIsVisible = 0;
			defaultConfigurationName = Release;
		};
		C7A95FFD2BBE67A00046C0AE /* Build configuration list for PBXNativeTarget "animation1Tests" */ = {
			isa = XCConfigurationList;
			buildConfigurations = (
				C7A95FFE2BBE67A00046C0AE /* Debug */,
				C7A95FFF2BBE67A00046C0AE /* Release */,
			);
			defaultConfigurationIsVisible = 0;
			defaultConfigurationName = Release;
		};
		C7A960002BBE67A00046C0AE /* Build configuration list for PBXNativeTarget "animation1UITests" */ = {
			isa = XCConfigurationList;
			buildConfigurations = (
				C7A960012BBE67A00046C0AE /* Debug */,
				C7A960022BBE67A00046C0AE /* Release */,
			);
			defaultConfigurationIsVisible = 0;
			defaultConfigurationName = Release;
		};
/* End XCConfigurationList section */
	};
	rootObject = C7A95FC82BBE679F0046C0AE /* Project object */;
}
